
Microsoft Visual Studio Solution File, Format Version 12.00
# Visual Studio Version 17
VisualStudioVersion = 17.11.35327.3
MinimumVisualStudioVersion = 10.0.40219.1
Project("{8BC9CEB8-8B4A-11D0-8D11-00A0C91BC942}") = "LAB_01", "LAB_01\LAB_01.vcxproj", "{A2B47E60-7D1E-4CE2-A9F3-EE37C77F0D5F}"
EndProject
Global
	GlobalSection(SolutionConfigurationPlatforms) = preSolution
		Debug|x64 = Debug|x64
		Debug|x86 = Debug|x86
		Release|x64 = Release|x64
		Release|x86 = Release|x86
	EndGlobalSection
	GlobalSection(ProjectConfigurationPlatforms) = postSolution
		{A2B47E60-7D1E-4CE2-A9F3-EE37C77F0D5F}.Debug|x64.ActiveCfg = Debug|x64
		{A2B47E60-7D1E-4CE2-A9F3-EE37C77F0D5F}.Debug|x64.Build.0 = Debug|x64
		{A2B47E60-7D1E-4CE2-A9F3-EE37C77F0D5F}.Debug|x86.ActiveCfg = Debug|Win32
		{A2B47E60-7D1E-4CE2-A9F3-EE37C77F0D5F}.Debug|x86.Build.0 = Debug|Win32
		{A2B47E60-7D1E-4CE2-A9F3-EE37C77F0D5F}.Release|x64.ActiveCfg = Release|x64
		{A2B47E60-7D1E-4CE2-A9F3-EE37C77F0D5F}.Release|x64.Build.0 = Release|x64
		{A2B47E60-7D1E-4CE2-A9F3-EE37C77F0D5F}.Release|x86.ActiveCfg = Release|Win32
		{A2B47E60-7D1E-4CE2-A9F3-EE37C77F0D5F}.Release|x86.Build.0 = Release|Win32
	EndGlobalSection
	GlobalSection(SolutionProperties) = preSolution
		HideSolutionNode = FALSE
	EndGlobalSection
	GlobalSection(ExtensibilityGlobals) = postSolution
		SolutionGuid = {003DAB69-1AEE-4323-A15D-7C84FC4F2217}
	EndGlobalSection
EndGlobal
